
Microsoft Visual Studio Solution File, Format Version 12.00
# Visual Studio 14
VisualStudioVersion = 14.0.25420.1
MinimumVisualStudioVersion = 10.0.40219.1
Project("{FAE04EC0-301F-11D3-BF4B-00C04F79EFBC}") = "XiamiTing", "XiamiTing\XiamiTing.csproj", "{4BB2D05A-1EC6-4310-BF33-D1B82DBBC184}"
EndProject
Project("{FAE04EC0-301F-11D3-BF4B-00C04F79EFBC}") = "BackgroundTasks", "BackgroundTasks\BackgroundTasks.csproj", "{F2048935-B853-4F7A-AC91-CA10BA0128B3}"
EndProject
Project("{FAE04EC0-301F-11D3-BF4B-00C04F79EFBC}") = "SharedLibrary", "SharedLibrary\SharedLibrary.csproj", "{E94E3312-8C4B-42B1-B05C-201591A0C9BE}"
EndProject
Project("{FAE04EC0-301F-11D3-BF4B-00C04F79EFBC}") = "NetTest", "NetTest\NetTest.csproj", "{1B12C243-3399-4C5A-A866-012912DFBF0A}"
EndProject
Global
	GlobalSection(SolutionConfigurationPlatforms) = preSolution
		Debug|Any CPU = Debug|Any CPU
		Debug|ARM = Debug|ARM
		Debug|x64 = Debug|x64
		Debug|x86 = Debug|x86
		Release|Any CPU = Release|Any CPU
		Release|ARM = Release|ARM
		Release|x64 = Release|x64
		Release|x86 = Release|x86
	EndGlobalSection
	GlobalSection(ProjectConfigurationPlatforms) = postSolution
		{4BB2D05A-1EC6-4310-BF33-D1B82DBBC184}.Debug|Any CPU.ActiveCfg = Debug|x86
		{4BB2D05A-1EC6-4310-BF33-D1B82DBBC184}.Debug|ARM.ActiveCfg = Debug|ARM
		{4BB2D05A-1EC6-4310-BF33-D1B82DBBC184}.Debug|ARM.Build.0 = Debug|ARM
		{4BB2D05A-1EC6-4310-BF33-D1B82DBBC184}.Debug|ARM.Deploy.0 = Debug|ARM
		{4BB2D05A-1EC6-4310-BF33-D1B82DBBC184}.Debug|x64.ActiveCfg = Debug|x64
		{4BB2D05A-1EC6-4310-BF33-D1B82DBBC184}.Debug|x64.Build.0 = Debug|x64
		{4BB2D05A-1EC6-4310-BF33-D1B82DBBC184}.Debug|x64.Deploy.0 = Debug|x64
		{4BB2D05A-1EC6-4310-BF33-D1B82DBBC184}.Debug|x86.ActiveCfg = Debug|x86
		{4BB2D05A-1EC6-4310-BF33-D1B82DBBC184}.Debug|x86.Build.0 = Debug|x86
		{4BB2D05A-1EC6-4310-BF33-D1B82DBBC184}.Debug|x86.Deploy.0 = Debug|x86
		{4BB2D05A-1EC6-4310-BF33-D1B82DBBC184}.Release|Any CPU.ActiveCfg = Release|x86
		{4BB2D05A-1EC6-4310-BF33-D1B82DBBC184}.Release|ARM.ActiveCfg = Release|ARM
		{4BB2D05A-1EC6-4310-BF33-D1B82DBBC184}.Release|ARM.Build.0 = Release|ARM
		{4BB2D05A-1EC6-4310-BF33-D1B82DBBC184}.Release|ARM.Deploy.0 = Release|ARM
		{4BB2D05A-1EC6-4310-BF33-D1B82DBBC184}.Release|x64.ActiveCfg = Release|x64
		{4BB2D05A-1EC6-4310-BF33-D1B82DBBC184}.Release|x64.Build.0 = Release|x64
		{4BB2D05A-1EC6-4310-BF33-D1B82DBBC184}.Release|x64.Deploy.0 = Release|x64
		{4BB2D05A-1EC6-4310-BF33-D1B82DBBC184}.Release|x86.ActiveCfg = Release|x86
		{4BB2D05A-1EC6-4310-BF33-D1B82DBBC184}.Release|x86.Build.0 = Release|x86
		{4BB2D05A-1EC6-4310-BF33-D1B82DBBC184}.Release|x86.Deploy.0 = Release|x86
		{F2048935-B853-4F7A-AC91-CA10BA0128B3}.Debug|Any CPU.ActiveCfg = Debug|Any CPU
		{F2048935-B853-4F7A-AC91-CA10BA0128B3}.Debug|Any CPU.Build.0 = Debug|Any CPU
		{F2048935-B853-4F7A-AC91-CA10BA0128B3}.Debug|ARM.ActiveCfg = Debug|ARM
		{F2048935-B853-4F7A-AC91-CA10BA0128B3}.Debug|ARM.Build.0 = Debug|ARM
		{F2048935-B853-4F7A-AC91-CA10BA0128B3}.Debug|x64.ActiveCfg = Debug|x64
		{F2048935-B853-4F7A-AC91-CA10BA0128B3}.Debug|x64.Build.0 = Debug|x64
		{F2048935-B853-4F7A-AC91-CA10BA0128B3}.Debug|x86.ActiveCfg = Debug|x86
		{F2048935-B853-4F7A-AC91-CA10BA0128B3}.Debug|x86.Build.0 = Debug|x86
		{F2048935-B853-4F7A-AC91-CA10BA0128B3}.Release|Any CPU.ActiveCfg = Release|Any CPU
		{F2048935-B853-4F7A-AC91-CA10BA0128B3}.Release|Any CPU.Build.0 = Release|Any CPU
		{F2048935-B853-4F7A-AC91-CA10BA0128B3}.Release|ARM.ActiveCfg = Release|ARM
		{F2048935-B853-4F7A-AC91-CA10BA0128B3}.Release|ARM.Build.0 = Release|ARM
		{F2048935-B853-4F7A-AC91-CA10BA0128B3}.Release|x64.ActiveCfg = Release|x64
		{F2048935-B853-4F7A-AC91-CA10BA0128B3}.Release|x64.Build.0 = Release|x64
		{F2048935-B853-4F7A-AC91-CA10BA0128B3}.Release|x86.ActiveCfg = Release|x86
		{F2048935-B853-4F7A-AC91-CA10BA0128B3}.Release|x86.Build.0 = Release|x86
		{E94E3312-8C4B-42B1-B05C-201591A0C9BE}.Debug|Any CPU.ActiveCfg = Debug|Any CPU
		{E94E3312-8C4B-42B1-B05C-201591A0C9BE}.Debug|Any CPU.Build.0 = Debug|Any CPU
		{E94E3312-8C4B-42B1-B05C-201591A0C9BE}.Debug|ARM.ActiveCfg = Debug|ARM
		{E94E3312-8C4B-42B1-B05C-201591A0C9BE}.Debug|ARM.Build.0 = Debug|ARM
		{E94E3312-8C4B-42B1-B05C-201591A0C9BE}.Debug|x64.ActiveCfg = Debug|x64
		{E94E3312-8C4B-42B1-B05C-201591A0C9BE}.Debug|x64.Build.0 = Debug|x64
		{E94E3312-8C4B-42B1-B05C-201591A0C9BE}.Debug|x86.ActiveCfg = Debug|x86
		{E94E3312-8C4B-42B1-B05C-201591A0C9BE}.Debug|x86.Build.0 = Debug|x86
		{E94E3312-8C4B-42B1-B05C-201591A0C9BE}.Release|Any CPU.ActiveCfg = Release|Any CPU
		{E94E3312-8C4B-42B1-B05C-201591A0C9BE}.Release|Any CPU.Build.0 = Release|Any CPU
		{E94E3312-8C4B-42B1-B05C-201591A0C9BE}.Release|ARM.ActiveCfg = Release|ARM
		{E94E3312-8C4B-42B1-B05C-201591A0C9BE}.Release|ARM.Build.0 = Release|ARM
		{E94E3312-8C4B-42B1-B05C-201591A0C9BE}.Release|x64.ActiveCfg = Release|x64
		{E94E3312-8C4B-42B1-B05C-201591A0C9BE}.Release|x64.Build.0 = Release|x64
		{E94E3312-8C4B-42B1-B05C-201591A0C9BE}.Release|x86.ActiveCfg = Release|x86
		{E94E3312-8C4B-42B1-B05C-201591A0C9BE}.Release|x86.Build.0 = Release|x86
		{1B12C243-3399-4C5A-A866-012912DFBF0A}.Debug|Any CPU.ActiveCfg = Debug|x86
		{1B12C243-3399-4C5A-A866-012912DFBF0A}.Debug|ARM.ActiveCfg = Debug|ARM
		{1B12C243-3399-4C5A-A866-012912DFBF0A}.Debug|ARM.Build.0 = Debug|ARM
		{1B12C243-3399-4C5A-A866-012912DFBF0A}.Debug|ARM.Deploy.0 = Debug|ARM
		{1B12C243-3399-4C5A-A866-012912DFBF0A}.Debug|x64.ActiveCfg = Debug|x64
		{1B12C243-3399-4C5A-A866-012912DFBF0A}.Debug|x64.Build.0 = Debug|x64
		{1B12C243-3399-4C5A-A866-012912DFBF0A}.Debug|x64.Deploy.0 = Debug|x64
		{1B12C243-3399-4C5A-A866-012912DFBF0A}.Debug|x86.ActiveCfg = Debug|x86
		{1B12C243-3399-4C5A-A866-012912DFBF0A}.Debug|x86.Build.0 = Debug|x86
		{1B12C243-3399-4C5A-A866-012912DFBF0A}.Debug|x86.Deploy.0 = Debug|x86
		{1B12C243-3399-4C5A-A866-012912DFBF0A}.Release|Any CPU.ActiveCfg = Release|x86
		{1B12C243-3399-4C5A-A866-012912DFBF0A}.Release|ARM.ActiveCfg = Release|ARM
		{1B12C243-3399-4C5A-A866-012912DFBF0A}.Release|ARM.Build.0 = Release|ARM
		{1B12C243-3399-4C5A-A866-012912DFBF0A}.Release|ARM.Deploy.0 = Release|ARM
		{1B12C243-3399-4C5A-A866-012912DFBF0A}.Release|x64.ActiveCfg = Release|x64
		{1B12C243-3399-4C5A-A866-012912DFBF0A}.Release|x64.Build.0 = Release|x64
		{1B12C243-3399-4C5A-A866-012912DFBF0A}.Release|x64.Deploy.0 = Release|x64
		{1B12C243-3399-4C5A-A866-012912DFBF0A}.Release|x86.ActiveCfg = Release|x86
		{1B12C243-3399-4C5A-A866-012912DFBF0A}.Release|x86.Build.0 = Release|x86
		{1B12C243-3399-4C5A-A866-012912DFBF0A}.Release|x86.Deploy.0 = Release|x86
	EndGlobalSection
	GlobalSection(SolutionProperties) = preSolution
		HideSolutionNode = FALSE
	EndGlobalSection
EndGlobal
